
Microsoft Visual Studio Solution File, Format Version 12.00
# Visual Studio Version 17
VisualStudioVersion = 17.7.34009.444
MinimumVisualStudioVersion = 10.0.40219.1
Project("{FAE04EC0-301F-11D3-BF4B-00C04F79EFBC}") = "Miscellaneous_ConsoleApp", "Miscellaneous_ConsoleApp.csproj", "{40EB2BBE-D7D7-4A59-955E-73282DE1EFB1}"
EndProject
Global
	GlobalSection(SolutionConfigurationPlatforms) = preSolution
		Debug|Any CPU = Debug|Any CPU
		Release|Any CPU = Release|Any CPU
	EndGlobalSection
	GlobalSection(ProjectConfigurationPlatforms) = postSolution
		{40EB2BBE-D7D7-4A59-955E-73282DE1EFB1}.Debug|Any CPU.ActiveCfg = Debug|Any CPU
		{40EB2BBE-D7D7-4A59-955E-73282DE1EFB1}.Debug|Any CPU.Build.0 = Debug|Any CPU
		{40EB2BBE-D7D7-4A59-955E-73282DE1EFB1}.Release|Any CPU.ActiveCfg = Release|Any CPU
		{40EB2BBE-D7D7-4A59-955E-73282DE1EFB1}.Release|Any CPU.Build.0 = Release|Any CPU
	EndGlobalSection
	GlobalSection(SolutionProperties) = preSolution
		HideSolutionNode = FALSE
	EndGlobalSection
	GlobalSection(ExtensibilityGlobals) = postSolution
		SolutionGuid = {280DF8DB-DAE0-47A3-9B98-28D2219E871D}
	EndGlobalSection
EndGlobal
